
Microsoft Visual Studio Solution File, Format Version 12.00
# Visual Studio Version 16
VisualStudioVersion = 16.0.29215.179
MinimumVisualStudioVersion = 10.0.40219.1
Project("{8BC9CEB8-8B4A-11D0-8D11-00A0C91BC942}") = "HelloWorld", "HelloWorld\HelloWorld.vcxproj", "{4E068F4C-9DF7-458A-8ECB-FC3E785DE823}"
EndProject
Project("{8BC9CEB8-8B4A-11D0-8D11-00A0C91BC942}") = "01.Cube", "01.Cube\01.Cube.vcxproj", "{11D39A54-84C0-4E53-9D61-C8637B1BFA3A}"
EndProject
Project("{8BC9CEB8-8B4A-11D0-8D11-00A0C91BC942}") = "02.Move", "02.Move\02.Move.vcxproj", "{60FD1775-4526-41A4-8CB2-1BF98954D4E8}"
EndProject
Project("{8BC9CEB8-8B4A-11D0-8D11-00A0C91BC942}") = "03.RefactorMain", "03.RefactorMain\03.RefactorMain.vcxproj", "{EB17EEF5-98F7-4C6C-BCEA-1B52D298E89D}"
EndProject
Project("{8BC9CEB8-8B4A-11D0-8D11-00A0C91BC942}") = "04.Rotation", "04.Rotation\04.Rotation.vcxproj", "{16E40FE8-02C8-4DB2-9B5B-680E974FAFF2}"
EndProject
Project("{8BC9CEB8-8B4A-11D0-8D11-00A0C91BC942}") = "05.Quaternions", "5.Quaternions\5.Quaternions.vcxproj", "{21EC90F0-D0AC-4B5D-A53C-F74027B92C9B}"
EndProject
Project("{8BC9CEB8-8B4A-11D0-8D11-00A0C91BC942}") = "06.Textures", "06.Textures\06.Textures.vcxproj", "{0861AF85-D577-46E2-9C8B-BA771115C7F4}"
EndProject
Project("{8BC9CEB8-8B4A-11D0-8D11-00A0C91BC942}") = "07.Map", "07.Map\07.Map.vcxproj", "{542DE3E3-02FD-4E50-9234-D64789C7132E}"
EndProject
Project("{8BC9CEB8-8B4A-11D0-8D11-00A0C91BC942}") = "08.WallCollisions", "08.WallCollisions\08.WallCollisions.vcxproj", "{B0B313C9-3EA2-4B9F-AA57-473F92E51554}"
EndProject
Project("{8BC9CEB8-8B4A-11D0-8D11-00A0C91BC942}") = "09.Gun", "09.Gun\09.Gun.vcxproj", "{4BD75D0A-EE05-4EA0-A10B-0EEA7923CD0F}"
EndProject
Project("{8BC9CEB8-8B4A-11D0-8D11-00A0C91BC942}") = "10.Entities", "10.Entities\10.Entities.vcxproj", "{468EDE75-09E9-45D5-B62A-E784CBD74BEA}"
EndProject
Project("{8BC9CEB8-8B4A-11D0-8D11-00A0C91BC942}") = "11.Enemies", "11.Enemies\11.Enemies.vcxproj", "{528474AD-E5E7-4687-8B3D-85D0B957239D}"
EndProject
Project("{8BC9CEB8-8B4A-11D0-8D11-00A0C91BC942}") = "12.Damages", "12.Damages\12.Damages.vcxproj", "{9CE83477-7638-4BC7-A773-7AA174B0C9BF}"
EndProject
Global
	GlobalSection(SolutionConfigurationPlatforms) = preSolution
		Debug|x64 = Debug|x64
		Debug|x86 = Debug|x86
		Release|x64 = Release|x64
		Release|x86 = Release|x86
	EndGlobalSection
	GlobalSection(ProjectConfigurationPlatforms) = postSolution
		{4E068F4C-9DF7-458A-8ECB-FC3E785DE823}.Debug|x64.ActiveCfg = Debug|x64
		{4E068F4C-9DF7-458A-8ECB-FC3E785DE823}.Debug|x64.Build.0 = Debug|x64
		{4E068F4C-9DF7-458A-8ECB-FC3E785DE823}.Debug|x86.ActiveCfg = Debug|Win32
		{4E068F4C-9DF7-458A-8ECB-FC3E785DE823}.Debug|x86.Build.0 = Debug|Win32
		{4E068F4C-9DF7-458A-8ECB-FC3E785DE823}.Release|x64.ActiveCfg = Release|x64
		{4E068F4C-9DF7-458A-8ECB-FC3E785DE823}.Release|x64.Build.0 = Release|x64
		{4E068F4C-9DF7-458A-8ECB-FC3E785DE823}.Release|x86.ActiveCfg = Release|Win32
		{4E068F4C-9DF7-458A-8ECB-FC3E785DE823}.Release|x86.Build.0 = Release|Win32
		{11D39A54-84C0-4E53-9D61-C8637B1BFA3A}.Debug|x64.ActiveCfg = Debug|x64
		{11D39A54-84C0-4E53-9D61-C8637B1BFA3A}.Debug|x64.Build.0 = Debug|x64
		{11D39A54-84C0-4E53-9D61-C8637B1BFA3A}.Debug|x86.ActiveCfg = Debug|Win32
		{11D39A54-84C0-4E53-9D61-C8637B1BFA3A}.Debug|x86.Build.0 = Debug|Win32
		{11D39A54-84C0-4E53-9D61-C8637B1BFA3A}.Release|x64.ActiveCfg = Release|x64
		{11D39A54-84C0-4E53-9D61-C8637B1BFA3A}.Release|x64.Build.0 = Release|x64
		{11D39A54-84C0-4E53-9D61-C8637B1BFA3A}.Release|x86.ActiveCfg = Release|Win32
		{11D39A54-84C0-4E53-9D61-C8637B1BFA3A}.Release|x86.Build.0 = Release|Win32
		{60FD1775-4526-41A4-8CB2-1BF98954D4E8}.Debug|x64.ActiveCfg = Debug|x64
		{60FD1775-4526-41A4-8CB2-1BF98954D4E8}.Debug|x64.Build.0 = Debug|x64
		{60FD1775-4526-41A4-8CB2-1BF98954D4E8}.Debug|x86.ActiveCfg = Debug|Win32
		{60FD1775-4526-41A4-8CB2-1BF98954D4E8}.Debug|x86.Build.0 = Debug|Win32
		{60FD1775-4526-41A4-8CB2-1BF98954D4E8}.Release|x64.ActiveCfg = Release|x64
		{60FD1775-4526-41A4-8CB2-1BF98954D4E8}.Release|x64.Build.0 = Release|x64
		{60FD1775-4526-41A4-8CB2-1BF98954D4E8}.Release|x86.ActiveCfg = Release|Win32
		{60FD1775-4526-41A4-8CB2-1BF98954D4E8}.Release|x86.Build.0 = Release|Win32
		{EB17EEF5-98F7-4C6C-BCEA-1B52D298E89D}.Debug|x64.ActiveCfg = Debug|x64
		{EB17EEF5-98F7-4C6C-BCEA-1B52D298E89D}.Debug|x64.Build.0 = Debug|x64
		{EB17EEF5-98F7-4C6C-BCEA-1B52D298E89D}.Debug|x86.ActiveCfg = Debug|Win32
		{EB17EEF5-98F7-4C6C-BCEA-1B52D298E89D}.Debug|x86.Build.0 = Debug|Win32
		{EB17EEF5-98F7-4C6C-BCEA-1B52D298E89D}.Release|x64.ActiveCfg = Release|x64
		{EB17EEF5-98F7-4C6C-BCEA-1B52D298E89D}.Release|x64.Build.0 = Release|x64
		{EB17EEF5-98F7-4C6C-BCEA-1B52D298E89D}.Release|x86.ActiveCfg = Release|Win32
		{EB17EEF5-98F7-4C6C-BCEA-1B52D298E89D}.Release|x86.Build.0 = Release|Win32
		{16E40FE8-02C8-4DB2-9B5B-680E974FAFF2}.Debug|x64.ActiveCfg = Debug|x64
		{16E40FE8-02C8-4DB2-9B5B-680E974FAFF2}.Debug|x64.Build.0 = Debug|x64
		{16E40FE8-02C8-4DB2-9B5B-680E974FAFF2}.Debug|x86.ActiveCfg = Debug|Win32
		{16E40FE8-02C8-4DB2-9B5B-680E974FAFF2}.Debug|x86.Build.0 = Debug|Win32
		{16E40FE8-02C8-4DB2-9B5B-680E974FAFF2}.Release|x64.ActiveCfg = Release|x64
		{16E40FE8-02C8-4DB2-9B5B-680E974FAFF2}.Release|x64.Build.0 = Release|x64
		{16E40FE8-02C8-4DB2-9B5B-680E974FAFF2}.Release|x86.ActiveCfg = Release|Win32
		{16E40FE8-02C8-4DB2-9B5B-680E974FAFF2}.Release|x86.Build.0 = Release|Win32
		{21EC90F0-D0AC-4B5D-A53C-F74027B92C9B}.Debug|x64.ActiveCfg = Debug|x64
		{21EC90F0-D0AC-4B5D-A53C-F74027B92C9B}.Debug|x64.Build.0 = Debug|x64
		{21EC90F0-D0AC-4B5D-A53C-F74027B92C9B}.Debug|x86.ActiveCfg = Debug|Win32
		{21EC90F0-D0AC-4B5D-A53C-F74027B92C9B}.Debug|x86.Build.0 = Debug|Win32
		{21EC90F0-D0AC-4B5D-A53C-F74027B92C9B}.Release|x64.ActiveCfg = Release|x64
		{21EC90F0-D0AC-4B5D-A53C-F74027B92C9B}.Release|x64.Build.0 = Release|x64
		{21EC90F0-D0AC-4B5D-A53C-F74027B92C9B}.Release|x86.ActiveCfg = Release|Win32
		{21EC90F0-D0AC-4B5D-A53C-F74027B92C9B}.Release|x86.Build.0 = Release|Win32
		{0861AF85-D577-46E2-9C8B-BA771115C7F4}.Debug|x64.ActiveCfg = Debug|x64
		{0861AF85-D577-46E2-9C8B-BA771115C7F4}.Debug|x64.Build.0 = Debug|x64
		{0861AF85-D577-46E2-9C8B-BA771115C7F4}.Debug|x86.ActiveCfg = Debug|Win32
		{0861AF85-D577-46E2-9C8B-BA771115C7F4}.Debug|x86.Build.0 = Debug|Win32
		{0861AF85-D577-46E2-9C8B-BA771115C7F4}.Release|x64.ActiveCfg = Release|x64
		{0861AF85-D577-46E2-9C8B-BA771115C7F4}.Release|x64.Build.0 = Release|x64
		{0861AF85-D577-46E2-9C8B-BA771115C7F4}.Release|x86.ActiveCfg = Release|Win32
		{0861AF85-D577-46E2-9C8B-BA771115C7F4}.Release|x86.Build.0 = Release|Win32
		{542DE3E3-02FD-4E50-9234-D64789C7132E}.Debug|x64.ActiveCfg = Debug|x64
		{542DE3E3-02FD-4E50-9234-D64789C7132E}.Debug|x64.Build.0 = Debug|x64
		{542DE3E3-02FD-4E50-9234-D64789C7132E}.Debug|x86.ActiveCfg = Debug|Win32
		{542DE3E3-02FD-4E50-9234-D64789C7132E}.Debug|x86.Build.0 = Debug|Win32
		{542DE3E3-02FD-4E50-9234-D64789C7132E}.Release|x64.ActiveCfg = Release|x64
		{542DE3E3-02FD-4E50-9234-D64789C7132E}.Release|x64.Build.0 = Release|x64
		{542DE3E3-02FD-4E50-9234-D64789C7132E}.Release|x86.ActiveCfg = Release|Win32
		{542DE3E3-02FD-4E50-9234-D64789C7132E}.Release|x86.Build.0 = Release|Win32
		{B0B313C9-3EA2-4B9F-AA57-473F92E51554}.Debug|x64.ActiveCfg = Debug|x64
		{B0B313C9-3EA2-4B9F-AA57-473F92E51554}.Debug|x64.Build.0 = Debug|x64
		{B0B313C9-3EA2-4B9F-AA57-473F92E51554}.Debug|x86.ActiveCfg = Debug|Win32
		{B0B313C9-3EA2-4B9F-AA57-473F92E51554}.Debug|x86.Build.0 = Debug|Win32
		{B0B313C9-3EA2-4B9F-AA57-473F92E51554}.Release|x64.ActiveCfg = Release|x64
		{B0B313C9-3EA2-4B9F-AA57-473F92E51554}.Release|x64.Build.0 = Release|x64
		{B0B313C9-3EA2-4B9F-AA57-473F92E51554}.Release|x86.ActiveCfg = Release|Win32
		{B0B313C9-3EA2-4B9F-AA57-473F92E51554}.Release|x86.Build.0 = Release|Win32
		{4BD75D0A-EE05-4EA0-A10B-0EEA7923CD0F}.Debug|x64.ActiveCfg = Debug|x64
		{4BD75D0A-EE05-4EA0-A10B-0EEA7923CD0F}.Debug|x64.Build.0 = Debug|x64
		{4BD75D0A-EE05-4EA0-A10B-0EEA7923CD0F}.Debug|x86.ActiveCfg = Debug|Win32
		{4BD75D0A-EE05-4EA0-A10B-0EEA7923CD0F}.Debug|x86.Build.0 = Debug|Win32
		{4BD75D0A-EE05-4EA0-A10B-0EEA7923CD0F}.Release|x64.ActiveCfg = Release|x64
		{4BD75D0A-EE05-4EA0-A10B-0EEA7923CD0F}.Release|x64.Build.0 = Release|x64
		{4BD75D0A-EE05-4EA0-A10B-0EEA7923CD0F}.Release|x86.ActiveCfg = Release|Win32
		{4BD75D0A-EE05-4EA0-A10B-0EEA7923CD0F}.Release|x86.Build.0 = Release|Win32
		{468EDE75-09E9-45D5-B62A-E784CBD74BEA}.Debug|x64.ActiveCfg = Debug|x64
		{468EDE75-09E9-45D5-B62A-E784CBD74BEA}.Debug|x64.Build.0 = Debug|x64
		{468EDE75-09E9-45D5-B62A-E784CBD74BEA}.Debug|x86.ActiveCfg = Debug|Win32
		{468EDE75-09E9-45D5-B62A-E784CBD74BEA}.Debug|x86.Build.0 = Debug|Win32
		{468EDE75-09E9-45D5-B62A-E784CBD74BEA}.Release|x64.ActiveCfg = Release|x64
		{468EDE75-09E9-45D5-B62A-E784CBD74BEA}.Release|x64.Build.0 = Release|x64
		{468EDE75-09E9-45D5-B62A-E784CBD74BEA}.Release|x86.ActiveCfg = Release|Win32
		{468EDE75-09E9-45D5-B62A-E784CBD74BEA}.Release|x86.Build.0 = Release|Win32
		{528474AD-E5E7-4687-8B3D-85D0B957239D}.Debug|x64.ActiveCfg = Debug|x64
		{528474AD-E5E7-4687-8B3D-85D0B957239D}.Debug|x64.Build.0 = Debug|x64
		{528474AD-E5E7-4687-8B3D-85D0B957239D}.Debug|x86.ActiveCfg = Debug|Win32
		{528474AD-E5E7-4687-8B3D-85D0B957239D}.Debug|x86.Build.0 = Debug|Win32
		{528474AD-E5E7-4687-8B3D-85D0B957239D}.Release|x64.ActiveCfg = Release|x64
		{528474AD-E5E7-4687-8B3D-85D0B957239D}.Release|x64.Build.0 = Release|x64
		{528474AD-E5E7-4687-8B3D-85D0B957239D}.Release|x86.ActiveCfg = Release|Win32
		{528474AD-E5E7-4687-8B3D-85D0B957239D}.Release|x86.Build.0 = Release|Win32
		{9CE83477-7638-4BC7-A773-7AA174B0C9BF}.Debug|x64.ActiveCfg = Debug|x64
		{9CE83477-7638-4BC7-A773-7AA174B0C9BF}.Debug|x64.Build.0 = Debug|x64
		{9CE83477-7638-4BC7-A773-7AA174B0C9BF}.Debug|x86.ActiveCfg = Debug|Win32
		{9CE83477-7638-4BC7-A773-7AA174B0C9BF}.Debug|x86.Build.0 = Debug|Win32
		{9CE83477-7638-4BC7-A773-7AA174B0C9BF}.Release|x64.ActiveCfg = Release|x64
		{9CE83477-7638-4BC7-A773-7AA174B0C9BF}.Release|x64.Build.0 = Release|x64
		{9CE83477-7638-4BC7-A773-7AA174B0C9BF}.Release|x86.ActiveCfg = Release|Win32
		{9CE83477-7638-4BC7-A773-7AA174B0C9BF}.Release|x86.Build.0 = Release|Win32
	EndGlobalSection
	GlobalSection(SolutionProperties) = preSolution
		HideSolutionNode = FALSE
	EndGlobalSection
	GlobalSection(ExtensibilityGlobals) = postSolution
		SolutionGuid = {508A9885-1B76-4380-8033-D368F670FE9C}
	EndGlobalSection
EndGlobal
